// !$*UTF8*$!
{
	archiveVersion = 1;
	classes = {
	};
	objectVersion = 56;
	objects = {

/* Begin PBXBuildFile section */
		FA4A2B20298BE60800C38BB0 /* TableViewController.swift in Sources */ = {isa = PBXBuildFile; fileRef = FA4A2B1F298BE60800C38BB0 /* TableViewController.swift */; };
		FA4A2B22298BE7DD00C38BB0 /* GoogleService-Info.plist in Resources */ = {isa = PBXBuildFile; fileRef = FA4A2B21298BE7DD00C38BB0 /* GoogleService-Info.plist */; };
		FA4A2B25298BE85F00C38BB0 /* FirebaseDatabase in Frameworks */ = {isa = PBXBuildFile; productRef = FA4A2B24298BE85F00C38BB0 /* FirebaseDatabase */; };
		FA4A2B27298BE86000C38BB0 /* FirebaseDatabaseSwift in Frameworks */ = {isa = PBXBuildFile; productRef = FA4A2B26298BE86000C38BB0 /* FirebaseDatabaseSwift */; };
		FA4A2B2B298BE9D000C38BB0 /* ToDoCell.swift in Sources */ = {isa = PBXBuildFile; fileRef = FA4A2B2A298BE9D000C38BB0 /* ToDoCell.swift */; };
		FA4A2B32298BEC3800C38BB0 /* SnapKit in Frameworks */ = {isa = PBXBuildFile; productRef = FA4A2B31298BEC3800C38BB0 /* SnapKit */; };
		FAB99950298BD00A00C300B2 /* AppDelegate.swift in Sources */ = {isa = PBXBuildFile; fileRef = FAB9994F298BD00A00C300B2 /* AppDelegate.swift */; };
		FAB99952298BD00A00C300B2 /* SceneDelegate.swift in Sources */ = {isa = PBXBuildFile; fileRef = FAB99951298BD00A00C300B2 /* SceneDelegate.swift */; };
		FAB99957298BD00A00C300B2 /* Main.storyboard in Resources */ = {isa = PBXBuildFile; fileRef = FAB99955298BD00A00C300B2 /* Main.storyboard */; };
		FAB99959298BD00C00C300B2 /* Assets.xcassets in Resources */ = {isa = PBXBuildFile; fileRef = FAB99958298BD00C00C300B2 /* Assets.xcassets */; };
		FAB9995C298BD00C00C300B2 /* LaunchScreen.storyboard in Resources */ = {isa = PBXBuildFile; fileRef = FAB9995A298BD00C00C300B2 /* LaunchScreen.storyboard */; };
/* End PBXBuildFile section */

/* Begin PBXFileReference section */
		FA4A2B1F298BE60800C38BB0 /* TableViewController.swift */ = {isa = PBXFileReference; lastKnownFileType = sourcecode.swift; path = TableViewController.swift; sourceTree = "<group>"; };
		FA4A2B21298BE7DD00C38BB0 /* GoogleService-Info.plist */ = {isa = PBXFileReference; fileEncoding = 4; lastKnownFileType = text.plist.xml; path = "GoogleService-Info.plist"; sourceTree = "<group>"; };
		FA4A2B2A298BE9D000C38BB0 /* ToDoCell.swift */ = {isa = PBXFileReference; lastKnownFileType = sourcecode.swift; path = ToDoCell.swift; sourceTree = "<group>"; };
		FAB9994C298BD00A00C300B2 /* ToDoAppFirebase.app */ = {isa = PBXFileReference; explicitFileType = wrapper.application; includeInIndex = 0; path = ToDoAppFirebase.app; sourceTree = BUILT_PRODUCTS_DIR; };
		FAB9994F298BD00A00C300B2 /* AppDelegate.swift */ = {isa = PBXFileReference; lastKnownFileType = sourcecode.swift; path = AppDelegate.swift; sourceTree = "<group>"; };
		FAB99951298BD00A00C300B2 /* SceneDelegate.swift */ = {isa = PBXFileReference; lastKnownFileType = sourcecode.swift; path = SceneDelegate.swift; sourceTree = "<group>"; };
		FAB99956298BD00A00C300B2 /* Base */ = {isa = PBXFileReference; lastKnownFileType = file.storyboard; name = Base; path = Base.lproj/Main.storyboard; sourceTree = "<group>"; };
		FAB99958298BD00C00C300B2 /* Assets.xcassets */ = {isa = PBXFileReference; lastKnownFileType = folder.assetcatalog; path = Assets.xcassets; sourceTree = "<group>"; };
		FAB9995B298BD00C00C300B2 /* Base */ = {isa = PBXFileReference; lastKnownFileType = file.storyboard; name = Base; path = Base.lproj/LaunchScreen.storyboard; sourceTree = "<group>"; };
		FAB9995D298BD00C00C300B2 /* Info.plist */ = {isa = PBXFileReference; lastKnownFileType = text.plist.xml; path = Info.plist; sourceTree = "<group>"; };
/* End PBXFileReference section */

/* Begin PBXFrameworksBuildPhase section */
		FAB99949298BD00A00C300B2 /* Frameworks */ = {
			isa = PBXFrameworksBuildPhase;
			buildActionMask = 2147483647;
			files = (
				FA4A2B32298BEC3800C38BB0 /* SnapKit in Frameworks */,
				FA4A2B27298BE86000C38BB0 /* FirebaseDatabaseSwift in Frameworks */,
				FA4A2B25298BE85F00C38BB0 /* FirebaseDatabase in Frameworks */,
			);
			runOnlyForDeploymentPostprocessing = 0;
		};
/* End PBXFrameworksBuildPhase section */

/* Begin PBXGroup section */
		FA4A2B2C298BEA4A00C38BB0 /* Controller */ = {
			isa = PBXGroup;
			children = (
				FA4A2B1F298BE60800C38BB0 /* TableViewController.swift */,
			);
			path = Controller;
			sourceTree = "<group>";
		};
		FA4A2B2D298BEA5200C38BB0 /* View */ = {
			isa = PBXGroup;
			children = (
				FA4A2B2A298BE9D000C38BB0 /* ToDoCell.swift */,
				FAB99955298BD00A00C300B2 /* Main.storyboard */,
			);
			path = View;
			sourceTree = "<group>";
		};
		FA4A2B2E298BEA7F00C38BB0 /* App */ = {
			isa = PBXGroup;
			children = (
				FAB9994F298BD00A00C300B2 /* AppDelegate.swift */,
				FAB99951298BD00A00C300B2 /* SceneDelegate.swift */,
			);
			path = App;
			sourceTree = "<group>";
		};
		FA4A2B2F298BEA9200C38BB0 /* Supporting files */ = {
			isa = PBXGroup;
			children = (
				FAB99958298BD00C00C300B2 /* Assets.xcassets */,
				FAB9995A298BD00C00C300B2 /* LaunchScreen.storyboard */,
				FAB9995D298BD00C00C300B2 /* Info.plist */,
				FA4A2B21298BE7DD00C38BB0 /* GoogleService-Info.plist */,
			);
			path = "Supporting files";
			sourceTree = "<group>";
		};
		FAB99943298BD00A00C300B2 = {
			isa = PBXGroup;
			children = (
				FAB9994E298BD00A00C300B2 /* ToDoAppFirebase */,
				FAB9994D298BD00A00C300B2 /* Products */,
			);
			sourceTree = "<group>";
		};
		FAB9994D298BD00A00C300B2 /* Products */ = {
			isa = PBXGroup;
			children = (
				FAB9994C298BD00A00C300B2 /* ToDoAppFirebase.app */,
			);
			name = Products;
			sourceTree = "<group>";
		};
		FAB9994E298BD00A00C300B2 /* ToDoAppFirebase */ = {
			isa = PBXGroup;
			children = (
				FA4A2B2E298BEA7F00C38BB0 /* App */,
				FA4A2B2C298BEA4A00C38BB0 /* Controller */,
				FA4A2B2D298BEA5200C38BB0 /* View */,
				FA4A2B2F298BEA9200C38BB0 /* Supporting files */,
			);
			path = ToDoAppFirebase;
			sourceTree = "<group>";
		};
/* End PBXGroup section */

/* Begin PBXNativeTarget section */
		FAB9994B298BD00A00C300B2 /* ToDoAppFirebase */ = {
			isa = PBXNativeTarget;
			buildConfigurationList = FAB99960298BD00C00C300B2 /* Build configuration list for PBXNativeTarget "ToDoAppFirebase" */;
			buildPhases = (
				FAB99948298BD00A00C300B2 /* Sources */,
				FAB99949298BD00A00C300B2 /* Frameworks */,
				FAB9994A298BD00A00C300B2 /* Resources */,
			);
			buildRules = (
			);
			dependencies = (
			);
			name = ToDoAppFirebase;
			packageProductDependencies = (
				FA4A2B24298BE85F00C38BB0 /* FirebaseDatabase */,
				FA4A2B26298BE86000C38BB0 /* FirebaseDatabaseSwift */,
				FA4A2B31298BEC3800C38BB0 /* SnapKit */,
			);
			productName = ToDoAppFirebase;
			productReference = FAB9994C298BD00A00C300B2 /* ToDoAppFirebase.app */;
			productType = "com.apple.product-type.application";
		};
/* End PBXNativeTarget section */

/* Begin PBXProject section */
		FAB99944298BD00A00C300B2 /* Project object */ = {
			isa = PBXProject;
			attributes = {
				BuildIndependentTargetsInParallel = 1;
				LastSwiftUpdateCheck = 1420;
				LastUpgradeCheck = 1420;
				TargetAttributes = {
					FAB9994B298BD00A00C300B2 = {
						CreatedOnToolsVersion = 14.2;
					};
				};
			};
			buildConfigurationList = FAB99947298BD00A00C300B2 /* Build configuration list for PBXProject "ToDoAppFirebase" */;
			compatibilityVersion = "Xcode 14.0";
			developmentRegion = en;
			hasScannedForEncodings = 0;
			knownRegions = (
				en,
				Base,
			);
			mainGroup = FAB99943298BD00A00C300B2;
			packageReferences = (
				FA4A2B23298BE85F00C38BB0 /* XCRemoteSwiftPackageReference "firebase-ios-sdk" */,
				FA4A2B30298BEC3800C38BB0 /* XCRemoteSwiftPackageReference "SnapKit" */,
			);
			productRefGroup = FAB9994D298BD00A00C300B2 /* Products */;
			projectDirPath = "";
			projectRoot = "";
			targets = (
				FAB9994B298BD00A00C300B2 /* ToDoAppFirebase */,
			);
		};
/* End PBXProject section */

/* Begin PBXResourcesBuildPhase section */
		FAB9994A298BD00A00C300B2 /* Resources */ = {
			isa = PBXResourcesBuildPhase;
			buildActionMask = 2147483647;
			files = (
				FAB9995C298BD00C00C300B2 /* LaunchScreen.storyboard in Resources */,
				FA4A2B22298BE7DD00C38BB0 /* GoogleService-Info.plist in Resources */,
				FAB99959298BD00C00C300B2 /* Assets.xcassets in Resources */,
				FAB99957298BD00A00C300B2 /* Main.storyboard in Resources */,
			);
			runOnlyForDeploymentPostprocessing = 0;
		};
/* End PBXResourcesBuildPhase section */

/* Begin PBXSourcesBuildPhase section */
		FAB99948298BD00A00C300B2 /* Sources */ = {
			isa = PBXSourcesBuildPhase;
			buildActionMask = 2147483647;
			files = (
				FAB99950298BD00A00C300B2 /* AppDelegate.swift in Sources */,
				FA4A2B20298BE60800C38BB0 /* TableViewController.swift in Sources */,
				FAB99952298BD00A00C300B2 /* SceneDelegate.swift in Sources */,
				FA4A2B2B298BE9D000C38BB0 /* ToDoCell.swift in Sources */,
			);
			runOnlyForDeploymentPostprocessing = 0;
		};
/* End PBXSourcesBuildPhase section */

/* Begin PBXVariantGroup section */
		FAB99955298BD00A00C300B2 /* Main.storyboard */ = {
			isa = PBXVariantGroup;
			children = (
				FAB99956298BD00A00C300B2 /* Base */,
			);
			name = Main.storyboard;
			sourceTree = "<group>";
		};
		FAB9995A298BD00C00C300B2 /* LaunchScreen.storyboard */ = {
			isa = PBXVariantGroup;
			children = (
				FAB9995B298BD00C00C300B2 /* Base */,
			);
			name = LaunchScreen.storyboard;
			sourceTree = "<group>";
		};
/* End PBXVariantGroup section */

/* Begin XCBuildConfiguration section */
		FAB9995E298BD00C00C300B2 /* Debug */ = {
			isa = XCBuildConfiguration;
			buildSettings = {
				ALWAYS_SEARCH_USER_PATHS = NO;
				CLANG_ANALYZER_NONNULL = YES;
				CLANG_ANALYZER_NUMBER_OBJECT_CONVERSION = YES_AGGRESSIVE;
				CLANG_CXX_LANGUAGE_STANDARD = "gnu++20";
				CLANG_ENABLE_MODULES = YES;
				CLANG_ENABLE_OBJC_ARC = YES;
				CLANG_ENABLE_OBJC_WEAK = YES;
				CLANG_WARN_BLOCK_CAPTURE_AUTORELEASING = YES;
				CLANG_WARN_BOOL_CONVERSION = YES;
				CLANG_WARN_COMMA = YES;
				CLANG_WARN_CONSTANT_CONVERSION = YES;
				CLANG_WARN_DEPRECATED_OBJC_IMPLEMENTATIONS = YES;
				CLANG_WARN_DIRECT_OBJC_ISA_USAGE = YES_ERROR;
				CLANG_WARN_DOCUMENTATION_COMMENTS = YES;
				CLANG_WARN_EMPTY_BODY = YES;
				CLANG_WARN_ENUM_CONVERSION = YES;
				CLANG_WARN_INFINITE_RECURSION = YES;
				CLANG_WARN_INT_CONVERSION = YES;
				CLANG_WARN_NON_LITERAL_NULL_CONVERSION = YES;
				CLANG_WARN_OBJC_IMPLICIT_RETAIN_SELF = YES;
				CLANG_WARN_OBJC_LITERAL_CONVERSION = YES;
				CLANG_WARN_OBJC_ROOT_CLASS = YES_ERROR;
				CLANG_WARN_QUOTED_INCLUDE_IN_FRAMEWORK_HEADER = YES;
				CLANG_WARN_RANGE_LOOP_ANALYSIS = YES;
				CLANG_WARN_STRICT_PROTOTYPES = YES;
				CLANG_WARN_SUSPICIOUS_MOVE = YES;
				CLANG_WARN_UNGUARDED_AVAILABILITY = YES_AGGRESSIVE;
				CLANG_WARN_UNREACHABLE_CODE = YES;
				CLANG_WARN__DUPLICATE_METHOD_MATCH = YES;
				COPY_PHASE_STRIP = NO;
				DEBUG_INFORMATION_FORMAT = dwarf;
				ENABLE_STRICT_OBJC_MSGSEND = YES;
				ENABLE_TESTABILITY = YES;
				GCC_C_LANGUAGE_STANDARD = gnu11;
				GCC_DYNAMIC_NO_PIC = NO;
				GCC_NO_COMMON_BLOCKS = YES;
				GCC_OPTIMIZATION_LEVEL = 0;
				GCC_PREPROCESSOR_DEFINITIONS = (
					"DEBUG=1",
					"$(inherited)",
				);
				GCC_WARN_64_TO_32_BIT_CONVERSION = YES;
				GCC_WARN_ABOUT_RETURN_TYPE = YES_ERROR;
				GCC_WARN_UNDECLARED_SELECTOR = YES;
				GCC_WARN_UNINITIALIZED_AUTOS = YES_AGGRESSIVE;
				GCC_WARN_UNUSED_FUNCTION = YES;
				GCC_WARN_UNUSED_VARIABLE = YES;
				IPHONEOS_DEPLOYMENT_TARGET = 16.2;
				MTL_ENABLE_DEBUG_INFO = INCLUDE_SOURCE;
				MTL_FAST_MATH = YES;
				ONLY_ACTIVE_ARCH = YES;
				SDKROOT = iphoneos;
				SWIFT_ACTIVE_COMPILATION_CONDITIONS = DEBUG;
				SWIFT_OPTIMIZATION_LEVEL = "-Onone";
			};
			name = Debug;
		};
		FAB9995F298BD00C00C300B2 /* Release */ = {
			isa = XCBuildConfiguration;
			buildSettings = {
				ALWAYS_SEARCH_USER_PATHS = NO;
				CLANG_ANALYZER_NONNULL = YES;
				CLANG_ANALYZER_NUMBER_OBJECT_CONVERSION = YES_AGGRESSIVE;
				CLANG_CXX_LANGUAGE_STANDARD = "gnu++20";
				CLANG_ENABLE_MODULES = YES;
				CLANG_ENABLE_OBJC_ARC = YES;
				CLANG_ENABLE_OBJC_WEAK = YES;
				CLANG_WARN_BLOCK_CAPTURE_AUTORELEASING = YES;
				CLANG_WARN_BOOL_CONVERSION = YES;
				CLANG_WARN_COMMA = YES;
				CLANG_WARN_CONSTANT_CONVERSION = YES;
				CLANG_WARN_DEPRECATED_OBJC_IMPLEMENTATIONS = YES;
				CLANG_WARN_DIRECT_OBJC_ISA_USAGE = YES_ERROR;
				CLANG_WARN_DOCUMENTATION_COMMENTS = YES;
				CLANG_WARN_EMPTY_BODY = YES;
				CLANG_WARN_ENUM_CONVERSION = YES;
				CLANG_WARN_INFINITE_RECURSION = YES;
				CLANG_WARN_INT_CONVERSION = YES;
				CLANG_WARN_NON_LITERAL_NULL_CONVERSION = YES;
				CLANG_WARN_OBJC_IMPLICIT_RETAIN_SELF = YES;
				CLANG_WARN_OBJC_LITERAL_CONVERSION = YES;
				CLANG_WARN_OBJC_ROOT_CLASS = YES_ERROR;
				CLANG_WARN_QUOTED_INCLUDE_IN_FRAMEWORK_HEADER = YES;
				CLANG_WARN_RANGE_LOOP_ANALYSIS = YES;
				CLANG_WARN_STRICT_PROTOTYPES = YES;
				CLANG_WARN_SUSPICIOUS_MOVE = YES;
				CLANG_WARN_UNGUARDED_AVAILABILITY = YES_AGGRESSIVE;
				CLANG_WARN_UNREACHABLE_CODE = YES;
				CLANG_WARN__DUPLICATE_METHOD_MATCH = YES;
				COPY_PHASE_STRIP = NO;
				DEBUG_INFORMATION_FORMAT = "dwarf-with-dsym";
				ENABLE_NS_ASSERTIONS = NO;
				ENABLE_STRICT_OBJC_MSGSEND = YES;
				GCC_C_LANGUAGE_STANDARD = gnu11;
				GCC_NO_COMMON_BLOCKS = YES;
				GCC_WARN_64_TO_32_BIT_CONVERSION = YES;
				GCC_WARN_ABOUT_RETURN_TYPE = YES_ERROR;
				GCC_WARN_UNDECLARED_SELECTOR = YES;
				GCC_WARN_UNINITIALIZED_AUTOS = YES_AGGRESSIVE;
				GCC_WARN_UNUSED_FUNCTION = YES;
				GCC_WARN_UNUSED_VARIABLE = YES;
				IPHONEOS_DEPLOYMENT_TARGET = 16.2;
				MTL_ENABLE_DEBUG_INFO = NO;
				MTL_FAST_MATH = YES;
				SDKROOT = iphoneos;
				SWIFT_COMPILATION_MODE = wholemodule;
				SWIFT_OPTIMIZATION_LEVEL = "-O";
				VALIDATE_PRODUCT = YES;
			};
			name = Release;
		};
		FAB99961298BD00C00C300B2 /* Debug */ = {
			isa = XCBuildConfiguration;
			buildSettings = {
				ASSETCATALOG_COMPILER_APPICON_NAME = AppIcon;
				ASSETCATALOG_COMPILER_GLOBAL_ACCENT_COLOR_NAME = AccentColor;
				CODE_SIGN_STYLE = Automatic;
				CURRENT_PROJECT_VERSION = 1;
				DEVELOPMENT_TEAM = R69PDMF4Z6;
				GENERATE_INFOPLIST_FILE = YES;
				INFOPLIST_FILE = "ToDoAppFirebase/Supporting files/Info.plist";
				INFOPLIST_KEY_UIApplicationSupportsIndirectInputEvents = YES;
				INFOPLIST_KEY_UILaunchStoryboardName = LaunchScreen;
				INFOPLIST_KEY_UIMainStoryboardFile = Main;
				INFOPLIST_KEY_UISupportedInterfaceOrientations_iPad = "UIInterfaceOrientationPortrait UIInterfaceOrientationPortraitUpsideDown UIInterfaceOrientationLandscapeLeft UIInterfaceOrientationLandscapeRight";
				INFOPLIST_KEY_UISupportedInterfaceOrientations_iPhone = "UIInterfaceOrientationPortrait UIInterfaceOrientationLandscapeLeft UIInterfaceOrientationLandscapeRight";
				LD_RUNPATH_SEARCH_PATHS = (
					"$(inherited)",
					"@executable_path/Frameworks",
				);
				MARKETING_VERSION = 1.0;
				PRODUCT_BUNDLE_IDENTIFIER = com.roma.ToDoAppFirebase;
				PRODUCT_NAME = "$(TARGET_NAME)";
				SWIFT_EMIT_LOC_STRINGS = YES;
				SWIFT_VERSION = 5.0;
				TARGETED_DEVICE_FAMILY = "1,2";
			};
			name = Debug;
		};
		FAB99962298BD00C00C300B2 /* Release */ = {
			isa = XCBuildConfiguration;
			buildSettings = {
				ASSETCATALOG_COMPILER_APPICON_NAME = AppIcon;
				ASSETCATALOG_COMPILER_GLOBAL_ACCENT_COLOR_NAME = AccentColor;
				CODE_SIGN_STYLE = Automatic;
				CURRENT_PROJECT_VERSION = 1;
				DEVELOPMENT_TEAM = R69PDMF4Z6;
				GENERATE_INFOPLIST_FILE = YES;
				INFOPLIST_FILE = "ToDoAppFirebase/Supporting files/Info.plist";
				INFOPLIST_KEY_UIApplicationSupportsIndirectInputEvents = YES;
				INFOPLIST_KEY_UILaunchStoryboardName = LaunchScreen;
				INFOPLIST_KEY_UIMainStoryboardFile = Main;
				INFOPLIST_KEY_UISupportedInterfaceOrientations_iPad = "UIInterfaceOrientationPortrait UIInterfaceOrientationPortraitUpsideDown UIInterfaceOrientationLandscapeLeft UIInterfaceOrientationLandscapeRight";
				INFOPLIST_KEY_UISupportedInterfaceOrientations_iPhone = "UIInterfaceOrientationPortrait UIInterfaceOrientationLandscapeLeft UIInterfaceOrientationLandscapeRight";
				LD_RUNPATH_SEARCH_PATHS = (
					"$(inherited)",
					"@executable_path/Frameworks",
				);
				MARKETING_VERSION = 1.0;
				PRODUCT_BUNDLE_IDENTIFIER = com.roma.ToDoAppFirebase;
				PRODUCT_NAME = "$(TARGET_NAME)";
				SWIFT_EMIT_LOC_STRINGS = YES;
				SWIFT_VERSION = 5.0;
				TARGETED_DEVICE_FAMILY = "1,2";
			};
			name = Release;
		};
/* End XCBuildConfiguration section */

/* Begin XCConfigurationList section */
		FAB99947298BD00A00C300B2 /* Build configuration list for PBXProject "ToDoAppFirebase" */ = {
			isa = XCConfigurationList;
			buildConfigurations = (
				FAB9995E298BD00C00C300B2 /* Debug */,
				FAB9995F298BD00C00C300B2 /* Release */,
			);
			defaultConfigurationIsVisible = 0;
			defaultConfigurationName = Release;
		};
		FAB99960298BD00C00C300B2 /* Build configuration list for PBXNativeTarget "ToDoAppFirebase" */ = {
			isa = XCConfigurationList;
			buildConfigurations = (
				FAB99961298BD00C00C300B2 /* Debug */,
				FAB99962298BD00C00C300B2 /* Release */,
			);
			defaultConfigurationIsVisible = 0;
			defaultConfigurationName = Release;
		};
/* End XCConfigurationList section */

/* Begin XCRemoteSwiftPackageReference section */
		FA4A2B23298BE85F00C38BB0 /* XCRemoteSwiftPackageReference "firebase-ios-sdk" */ = {
			isa = XCRemoteSwiftPackageReference;
			repositoryURL = "https://github.com/firebase/firebase-ios-sdk";
			requirement = {
				branch = master;
				kind = branch;
			};
		};
		FA4A2B30298BEC3800C38BB0 /* XCRemoteSwiftPackageReference "SnapKit" */ = {
			isa = XCRemoteSwiftPackageReference;
			repositoryURL = "https://github.com/SnapKit/SnapKit?ysclid=ldmwdmps1i756765616";
			requirement = {
				kind = upToNextMajorVersion;
				minimumVersion = 5.0.0;
			};
		};
/* End XCRemoteSwiftPackageReference section */

/* Begin XCSwiftPackageProductDependency section */
		FA4A2B24298BE85F00C38BB0 /* FirebaseDatabase */ = {
			isa = XCSwiftPackageProductDependency;
			package = FA4A2B23298BE85F00C38BB0 /* XCRemoteSwiftPackageReference "firebase-ios-sdk" */;
			productName = FirebaseDatabase;
		};
		FA4A2B26298BE86000C38BB0 /* FirebaseDatabaseSwift */ = {
			isa = XCSwiftPackageProductDependency;
			package = FA4A2B23298BE85F00C38BB0 /* XCRemoteSwiftPackageReference "firebase-ios-sdk" */;
			productName = FirebaseDatabaseSwift;
		};
		FA4A2B31298BEC3800C38BB0 /* SnapKit */ = {
			isa = XCSwiftPackageProductDependency;
			package = FA4A2B30298BEC3800C38BB0 /* XCRemoteSwiftPackageReference "SnapKit" */;
			productName = SnapKit;
		};
/* End XCSwiftPackageProductDependency section */
	};
	rootObject = FAB99944298BD00A00C300B2 /* Project object */;
}
